
Microsoft Visual Studio Solution File, Format Version 12.00
# Visual Studio Version 16
VisualStudioVersion = 16.0.30413.136
MinimumVisualStudioVersion = 10.0.40219.1
Project("{FAE04EC0-301F-11D3-BF4B-00C04F79EFBC}") = "QExpress", "QExpress\QExpress.csproj", "{1293022F-E079-4B63-8367-8D4BA5A6EFEA}"
EndProject
Global
	GlobalSection(SolutionConfigurationPlatforms) = preSolution
		Debug|Any CPU = Debug|Any CPU
		Release|Any CPU = Release|Any CPU
	EndGlobalSection
	GlobalSection(ProjectConfigurationPlatforms) = postSolution
		{1293022F-E079-4B63-8367-8D4BA5A6EFEA}.Debug|Any CPU.ActiveCfg = Debug|Any CPU
		{1293022F-E079-4B63-8367-8D4BA5A6EFEA}.Debug|Any CPU.Build.0 = Debug|Any CPU
		{1293022F-E079-4B63-8367-8D4BA5A6EFEA}.Release|Any CPU.ActiveCfg = Release|Any CPU
		{1293022F-E079-4B63-8367-8D4BA5A6EFEA}.Release|Any CPU.Build.0 = Release|Any CPU
	EndGlobalSection
	GlobalSection(SolutionProperties) = preSolution
		HideSolutionNode = FALSE
	EndGlobalSection
	GlobalSection(ExtensibilityGlobals) = postSolution
		SolutionGuid = {2E451829-2FD3-4A8F-BAF8-3512E289A544}
	EndGlobalSection
EndGlobal
